
Microsoft Visual Studio Solution File, Format Version 12.00
# Visual Studio 2013
VisualStudioVersion = 12.0.21005.1
MinimumVisualStudioVersion = 10.0.40219.1
Project("{8BC9CEB8-8B4A-11D0-8D11-00A0C91BC942}") = "teamtalk", "..\src\teamtalk\teamtalk.vcxproj", "{227620A9-98FE-4160-B08B-074B2FFC2784}"
	ProjectSection(ProjectDependencies) = postProject
		{5877050B-504E-4DFF-A78C-759C95E0DD06} = {5877050B-504E-4DFF-A78C-759C95E0DD06}
		{961B8359-1393-4EF7-B8E0-67B6FE1C6DA8} = {961B8359-1393-4EF7-B8E0-67B6FE1C6DA8}
		{6E182BBC-17D4-4E11-8580-44A546D6ACF0} = {6E182BBC-17D4-4E11-8580-44A546D6ACF0}
		{322B08FC-4620-4E34-9834-85A2E3A3A223} = {322B08FC-4620-4E34-9834-85A2E3A3A223}
		{A29131FE-41A5-4CD5-B6A7-A66A173F912B} = {A29131FE-41A5-4CD5-B6A7-A66A173F912B}
	EndProjectSection
EndProject
Project("{8BC9CEB8-8B4A-11D0-8D11-00A0C91BC942}") = "utility", "..\core\utility\utility.vcxproj", "{A29131FE-41A5-4CD5-B6A7-A66A173F912B}"
	ProjectSection(ProjectDependencies) = postProject
		{322B08FC-4620-4E34-9834-85A2E3A3A223} = {322B08FC-4620-4E34-9834-85A2E3A3A223}
	EndProjectSection
EndProject
Project("{2150E333-8FDC-42A3-9474-1A3956D46DE8}") = "sln_define", "sln_define", "{1DDC7C59-C209-486A-A363-5AFAE19DD01F}"
	ProjectSection(SolutionItems) = preProject
		..\include\GlobalConfig.h = ..\include\GlobalConfig.h
		..\include\GlobalDefine.h = ..\include\GlobalDefine.h
	EndProjectSection
EndProject
Project("{8BC9CEB8-8B4A-11D0-8D11-00A0C91BC942}") = "Modules", "..\src\Modules\Modules.vcxproj", "{6E182BBC-17D4-4E11-8580-44A546D6ACF0}"
	ProjectSection(ProjectDependencies) = postProject
		{0C1A4D61-C72C-4BBC-8468-34CD700D860C} = {0C1A4D61-C72C-4BBC-8468-34CD700D860C}
		{E106ACD7-4E53-4AEE-942B-D0DD426DB34E} = {E106ACD7-4E53-4AEE-942B-D0DD426DB34E}
		{322B08FC-4620-4E34-9834-85A2E3A3A223} = {322B08FC-4620-4E34-9834-85A2E3A3A223}
		{A29131FE-41A5-4CD5-B6A7-A66A173F912B} = {A29131FE-41A5-4CD5-B6A7-A66A173F912B}
	EndProjectSection
EndProject
Project("{8BC9CEB8-8B4A-11D0-8D11-00A0C91BC942}") = "GifSmiley", "..\src\GifSmiley\GifSmiley2003.vcxproj", "{5877050B-504E-4DFF-A78C-759C95E0DD06}"
EndProject
Project("{8BC9CEB8-8B4A-11D0-8D11-00A0C91BC942}") = "httpclient", "..\3rdParty\src\http\httpclient\httpclient.vcxproj", "{0C1A4D61-C72C-4BBC-8468-34CD700D860C}"
EndProject
Project("{8BC9CEB8-8B4A-11D0-8D11-00A0C91BC942}") = "network", "..\core\network\network.vcxproj", "{322B08FC-4620-4E34-9834-85A2E3A3A223}"
EndProject
Project("{8BC9CEB8-8B4A-11D0-8D11-00A0C91BC942}") = "DuiLib", "..\core\DuiLib\DuiLib.vcxproj", "{E106ACD7-4E53-4AEE-942B-D0DD426DB34E}"
EndProject
Project("{8BC9CEB8-8B4A-11D0-8D11-00A0C91BC942}") = "libogg", "..\3rdParty\src\libogg\libogg_dynamic.vcxproj", "{15CBFEFF-7965-41F5-B4E2-21E8795C9159}"
EndProject
Project("{8BC9CEB8-8B4A-11D0-8D11-00A0C91BC942}") = "libspeex", "..\3rdParty\src\libspeex\libspeex\libspeex.vcxproj", "{E972C52F-9E85-4D65-B19C-031E511E9DB4}"
EndProject
Project("{8BC9CEB8-8B4A-11D0-8D11-00A0C91BC942}") = "speexdec", "..\3rdParty\src\libspeex\speexdec\speexdec.vcxproj", "{961B8359-1393-4EF7-B8E0-67B6FE1C6DA8}"
	ProjectSection(ProjectDependencies) = postProject
		{E972C52F-9E85-4D65-B19C-031E511E9DB4} = {E972C52F-9E85-4D65-B19C-031E511E9DB4}
		{15CBFEFF-7965-41F5-B4E2-21E8795C9159} = {15CBFEFF-7965-41F5-B4E2-21E8795C9159}
	EndProjectSection
EndProject
Global
	GlobalSection(SolutionConfigurationPlatforms) = preSolution
		Debug_RTL_dll|Win32 = Debug_RTL_dll|Win32
		Debug_RTL_dll|x64 = Debug_RTL_dll|x64
		Debug_WM5_PPC_ARM|Win32 = Debug_WM5_PPC_ARM|Win32
		Debug_WM5_PPC_ARM|x64 = Debug_WM5_PPC_ARM|x64
		Debug|Win32 = Debug|Win32
		Debug|x64 = Debug|x64
		Release_Dynamic|Win32 = Release_Dynamic|Win32
		Release_Dynamic|x64 = Release_Dynamic|x64
		Release_RTL_dll|Win32 = Release_RTL_dll|Win32
		Release_RTL_dll|x64 = Release_RTL_dll|x64
		Release_SSE|Win32 = Release_SSE|Win32
		Release_SSE|x64 = Release_SSE|x64
		Release_SSE2|Win32 = Release_SSE2|Win32
		Release_SSE2|x64 = Release_SSE2|x64
		Release_WM5_PPC_ARM|Win32 = Release_WM5_PPC_ARM|Win32
		Release_WM5_PPC_ARM|x64 = Release_WM5_PPC_ARM|x64
		Release|Win32 = Release|Win32
		Release|x64 = Release|x64
	EndGlobalSection
	GlobalSection(ProjectConfigurationPlatforms) = postSolution
		{227620A9-98FE-4160-B08B-074B2FFC2784}.Debug_RTL_dll|Win32.ActiveCfg = Debug|Win32
		{227620A9-98FE-4160-B08B-074B2FFC2784}.Debug_RTL_dll|Win32.Build.0 = Debug|Win32
		{227620A9-98FE-4160-B08B-074B2FFC2784}.Debug_RTL_dll|x64.ActiveCfg = Debug|Win32
		{227620A9-98FE-4160-B08B-074B2FFC2784}.Debug_WM5_PPC_ARM|Win32.ActiveCfg = Debug|Win32
		{227620A9-98FE-4160-B08B-074B2FFC2784}.Debug_WM5_PPC_ARM|Win32.Build.0 = Debug|Win32
		{227620A9-98FE-4160-B08B-074B2FFC2784}.Debug_WM5_PPC_ARM|x64.ActiveCfg = Debug|Win32
		{227620A9-98FE-4160-B08B-074B2FFC2784}.Debug|Win32.ActiveCfg = Debug|Win32
		{227620A9-98FE-4160-B08B-074B2FFC2784}.Debug|Win32.Build.0 = Debug|Win32
		{227620A9-98FE-4160-B08B-074B2FFC2784}.Debug|x64.ActiveCfg = Debug|Win32
		{227620A9-98FE-4160-B08B-074B2FFC2784}.Release_Dynamic|Win32.ActiveCfg = Release|Win32
		{227620A9-98FE-4160-B08B-074B2FFC2784}.Release_Dynamic|Win32.Build.0 = Release|Win32
		{227620A9-98FE-4160-B08B-074B2FFC2784}.Release_Dynamic|x64.ActiveCfg = Release|Win32
		{227620A9-98FE-4160-B08B-074B2FFC2784}.Release_RTL_dll|Win32.ActiveCfg = Release|Win32
		{227620A9-98FE-4160-B08B-074B2FFC2784}.Release_RTL_dll|Win32.Build.0 = Release|Win32
		{227620A9-98FE-4160-B08B-074B2FFC2784}.Release_RTL_dll|x64.ActiveCfg = Release|Win32
		{227620A9-98FE-4160-B08B-074B2FFC2784}.Release_SSE|Win32.ActiveCfg = Release|Win32
		{227620A9-98FE-4160-B08B-074B2FFC2784}.Release_SSE|Win32.Build.0 = Release|Win32
		{227620A9-98FE-4160-B08B-074B2FFC2784}.Release_SSE|x64.ActiveCfg = Release|Win32
		{227620A9-98FE-4160-B08B-074B2FFC2784}.Release_SSE2|Win32.ActiveCfg = Release|Win32
		{227620A9-98FE-4160-B08B-074B2FFC2784}.Release_SSE2|Win32.Build.0 = Release|Win32
		{227620A9-98FE-4160-B08B-074B2FFC2784}.Release_SSE2|x64.ActiveCfg = Release|Win32
		{227620A9-98FE-4160-B08B-074B2FFC2784}.Release_WM5_PPC_ARM|Win32.ActiveCfg = Release|Win32
		{227620A9-98FE-4160-B08B-074B2FFC2784}.Release_WM5_PPC_ARM|Win32.Build.0 = Release|Win32
		{227620A9-98FE-4160-B08B-074B2FFC2784}.Release_WM5_PPC_ARM|x64.ActiveCfg = Release|Win32
		{227620A9-98FE-4160-B08B-074B2FFC2784}.Release|Win32.ActiveCfg = Release|Win32
		{227620A9-98FE-4160-B08B-074B2FFC2784}.Release|Win32.Build.0 = Release|Win32
		{227620A9-98FE-4160-B08B-074B2FFC2784}.Release|x64.ActiveCfg = Release|Win32
		{A29131FE-41A5-4CD5-B6A7-A66A173F912B}.Debug_RTL_dll|Win32.ActiveCfg = Debug|Win32
		{A29131FE-41A5-4CD5-B6A7-A66A173F912B}.Debug_RTL_dll|Win32.Build.0 = Debug|Win32
		{A29131FE-41A5-4CD5-B6A7-A66A173F912B}.Debug_RTL_dll|x64.ActiveCfg = Debug|Win32
		{A29131FE-41A5-4CD5-B6A7-A66A173F912B}.Debug_WM5_PPC_ARM|Win32.ActiveCfg = Debug|Win32
		{A29131FE-41A5-4CD5-B6A7-A66A173F912B}.Debug_WM5_PPC_ARM|Win32.Build.0 = Debug|Win32
		{A29131FE-41A5-4CD5-B6A7-A66A173F912B}.Debug_WM5_PPC_ARM|x64.ActiveCfg = Debug|Win32
		{A29131FE-41A5-4CD5-B6A7-A66A173F912B}.Debug|Win32.ActiveCfg = Debug|Win32
		{A29131FE-41A5-4CD5-B6A7-A66A173F912B}.Debug|Win32.Build.0 = Debug|Win32
		{A29131FE-41A5-4CD5-B6A7-A66A173F912B}.Debug|x64.ActiveCfg = Debug|Win32
		{A29131FE-41A5-4CD5-B6A7-A66A173F912B}.Release_Dynamic|Win32.ActiveCfg = Release|Win32
		{A29131FE-41A5-4CD5-B6A7-A66A173F912B}.Release_Dynamic|Win32.Build.0 = Release|Win32
		{A29131FE-41A5-4CD5-B6A7-A66A173F912B}.Release_Dynamic|x64.ActiveCfg = Release|Win32
		{A29131FE-41A5-4CD5-B6A7-A66A173F912B}.Release_RTL_dll|Win32.ActiveCfg = Release|Win32
		{A29131FE-41A5-4CD5-B6A7-A66A173F912B}.Release_RTL_dll|Win32.Build.0 = Release|Win32
		{A29131FE-41A5-4CD5-B6A7-A66A173F912B}.Release_RTL_dll|x64.ActiveCfg = Release|Win32
		{A29131FE-41A5-4CD5-B6A7-A66A173F912B}.Release_SSE|Win32.ActiveCfg = Release|Win32
		{A29131FE-41A5-4CD5-B6A7-A66A173F912B}.Release_SSE|Win32.Build.0 = Release|Win32
		{A29131FE-41A5-4CD5-B6A7-A66A173F912B}.Release_SSE|x64.ActiveCfg = Release|Win32
		{A29131FE-41A5-4CD5-B6A7-A66A173F912B}.Release_SSE2|Win32.ActiveCfg = Release|Win32
		{A29131FE-41A5-4CD5-B6A7-A66A173F912B}.Release_SSE2|Win32.Build.0 = Release|Win32
		{A29131FE-41A5-4CD5-B6A7-A66A173F912B}.Release_SSE2|x64.ActiveCfg = Release|Win32
		{A29131FE-41A5-4CD5-B6A7-A66A173F912B}.Release_WM5_PPC_ARM|Win32.ActiveCfg = Release|Win32
		{A29131FE-41A5-4CD5-B6A7-A66A173F912B}.Release_WM5_PPC_ARM|Win32.Build.0 = Release|Win32
		{A29131FE-41A5-4CD5-B6A7-A66A173F912B}.Release_WM5_PPC_ARM|x64.ActiveCfg = Release|Win32
		{A29131FE-41A5-4CD5-B6A7-A66A173F912B}.Release|Win32.ActiveCfg = Release|Win32
		{A29131FE-41A5-4CD5-B6A7-A66A173F912B}.Release|Win32.Build.0 = Release|Win32
		{A29131FE-41A5-4CD5-B6A7-A66A173F912B}.Release|x64.ActiveCfg = Release|Win32
		{6E182BBC-17D4-4E11-8580-44A546D6ACF0}.Debug_RTL_dll|Win32.ActiveCfg = Debug|Win32
		{6E182BBC-17D4-4E11-8580-44A546D6ACF0}.Debug_RTL_dll|Win32.Build.0 = Debug|Win32
		{6E182BBC-17D4-4E11-8580-44A546D6ACF0}.Debug_RTL_dll|x64.ActiveCfg = Debug|Win32
		{6E182BBC-17D4-4E11-8580-44A546D6ACF0}.Debug_WM5_PPC_ARM|Win32.ActiveCfg = Debug|Win32
		{6E182BBC-17D4-4E11-8580-44A546D6ACF0}.Debug_WM5_PPC_ARM|Win32.Build.0 = Debug|Win32
		{6E182BBC-17D4-4E11-8580-44A546D6ACF0}.Debug_WM5_PPC_ARM|x64.ActiveCfg = Debug|Win32
		{6E182BBC-17D4-4E11-8580-44A546D6ACF0}.Debug|Win32.ActiveCfg = Debug|Win32
		{6E182BBC-17D4-4E11-8580-44A546D6ACF0}.Debug|Win32.Build.0 = Debug|Win32
		{6E182BBC-17D4-4E11-8580-44A546D6ACF0}.Debug|x64.ActiveCfg = Debug|Win32
		{6E182BBC-17D4-4E11-8580-44A546D6ACF0}.Release_Dynamic|Win32.ActiveCfg = Release|Win32
		{6E182BBC-17D4-4E11-8580-44A546D6ACF0}.Release_Dynamic|Win32.Build.0 = Release|Win32
		{6E182BBC-17D4-4E11-8580-44A546D6ACF0}.Release_Dynamic|x64.ActiveCfg = Release|Win32
		{6E182BBC-17D4-4E11-8580-44A546D6ACF0}.Release_RTL_dll|Win32.ActiveCfg = Release|Win32
		{6E182BBC-17D4-4E11-8580-44A546D6ACF0}.Release_RTL_dll|Win32.Build.0 = Release|Win32
		{6E182BBC-17D4-4E11-8580-44A546D6ACF0}.Release_RTL_dll|x64.ActiveCfg = Release|Win32
		{6E182BBC-17D4-4E11-8580-44A546D6ACF0}.Release_SSE|Win32.ActiveCfg = Release|Win32
		{6E182BBC-17D4-4E11-8580-44A546D6ACF0}.Release_SSE|Win32.Build.0 = Release|Win32
		{6E182BBC-17D4-4E11-8580-44A546D6ACF0}.Release_SSE|x64.ActiveCfg = Release|Win32
		{6E182BBC-17D4-4E11-8580-44A546D6ACF0}.Release_SSE2|Win32.ActiveCfg = Release|Win32
		{6E182BBC-17D4-4E11-8580-44A546D6ACF0}.Release_SSE2|Win32.Build.0 = Release|Win32
		{6E182BBC-17D4-4E11-8580-44A546D6ACF0}.Release_SSE2|x64.ActiveCfg = Release|Win32
		{6E182BBC-17D4-4E11-8580-44A546D6ACF0}.Release_WM5_PPC_ARM|Win32.ActiveCfg = Release|Win32
		{6E182BBC-17D4-4E11-8580-44A546D6ACF0}.Release_WM5_PPC_ARM|Win32.Build.0 = Release|Win32
		{6E182BBC-17D4-4E11-8580-44A546D6ACF0}.Release_WM5_PPC_ARM|x64.ActiveCfg = Release|Win32
		{6E182BBC-17D4-4E11-8580-44A546D6ACF0}.Release|Win32.ActiveCfg = Release|Win32
		{6E182BBC-17D4-4E11-8580-44A546D6ACF0}.Release|Win32.Build.0 = Release|Win32
		{6E182BBC-17D4-4E11-8580-44A546D6ACF0}.Release|x64.ActiveCfg = Release|Win32
		{5877050B-504E-4DFF-A78C-759C95E0DD06}.Debug_RTL_dll|Win32.ActiveCfg = Debug|Win32
		{5877050B-504E-4DFF-A78C-759C95E0DD06}.Debug_RTL_dll|Win32.Build.0 = Debug|Win32
		{5877050B-504E-4DFF-A78C-759C95E0DD06}.Debug_RTL_dll|x64.ActiveCfg = Debug|Win32
		{5877050B-504E-4DFF-A78C-759C95E0DD06}.Debug_WM5_PPC_ARM|Win32.ActiveCfg = Debug|Win32
		{5877050B-504E-4DFF-A78C-759C95E0DD06}.Debug_WM5_PPC_ARM|Win32.Build.0 = Debug|Win32
		{5877050B-504E-4DFF-A78C-759C95E0DD06}.Debug_WM5_PPC_ARM|x64.ActiveCfg = Debug|Win32
		{5877050B-504E-4DFF-A78C-759C95E0DD06}.Debug|Win32.ActiveCfg = Debug|Win32
		{5877050B-504E-4DFF-A78C-759C95E0DD06}.Debug|Win32.Build.0 = Debug|Win32
		{5877050B-504E-4DFF-A78C-759C95E0DD06}.Debug|x64.ActiveCfg = Debug|Win32
		{5877050B-504E-4DFF-A78C-759C95E0DD06}.Release_Dynamic|Win32.ActiveCfg = Release|Win32
		{5877050B-504E-4DFF-A78C-759C95E0DD06}.Release_Dynamic|Win32.Build.0 = Release|Win32
		{5877050B-504E-4DFF-A78C-759C95E0DD06}.Release_Dynamic|x64.ActiveCfg = Release|Win32
		{5877050B-504E-4DFF-A78C-759C95E0DD06}.Release_RTL_dll|Win32.ActiveCfg = Release|Win32
		{5877050B-504E-4DFF-A78C-759C95E0DD06}.Release_RTL_dll|Win32.Build.0 = Release|Win32
		{5877050B-504E-4DFF-A78C-759C95E0DD06}.Release_RTL_dll|x64.ActiveCfg = Release|Win32
		{5877050B-504E-4DFF-A78C-759C95E0DD06}.Release_SSE|Win32.ActiveCfg = Release|Win32
		{5877050B-504E-4DFF-A78C-759C95E0DD06}.Release_SSE|Win32.Build.0 = Release|Win32
		{5877050B-504E-4DFF-A78C-759C95E0DD06}.Release_SSE|x64.ActiveCfg = Release|Win32
		{5877050B-504E-4DFF-A78C-759C95E0DD06}.Release_SSE2|Win32.ActiveCfg = Release|Win32
		{5877050B-504E-4DFF-A78C-759C95E0DD06}.Release_SSE2|Win32.Build.0 = Release|Win32
		{5877050B-504E-4DFF-A78C-759C95E0DD06}.Release_SSE2|x64.ActiveCfg = Release|Win32
		{5877050B-504E-4DFF-A78C-759C95E0DD06}.Release_WM5_PPC_ARM|Win32.ActiveCfg = Release|Win32
		{5877050B-504E-4DFF-A78C-759C95E0DD06}.Release_WM5_PPC_ARM|Win32.Build.0 = Release|Win32
		{5877050B-504E-4DFF-A78C-759C95E0DD06}.Release_WM5_PPC_ARM|x64.ActiveCfg = Release|Win32
		{5877050B-504E-4DFF-A78C-759C95E0DD06}.Release|Win32.ActiveCfg = Release|Win32
		{5877050B-504E-4DFF-A78C-759C95E0DD06}.Release|Win32.Build.0 = Release|Win32
		{5877050B-504E-4DFF-A78C-759C95E0DD06}.Release|x64.ActiveCfg = Release|Win32
		{0C1A4D61-C72C-4BBC-8468-34CD700D860C}.Debug_RTL_dll|Win32.ActiveCfg = Debug|Win32
		{0C1A4D61-C72C-4BBC-8468-34CD700D860C}.Debug_RTL_dll|Win32.Build.0 = Debug|Win32
		{0C1A4D61-C72C-4BBC-8468-34CD700D860C}.Debug_RTL_dll|x64.ActiveCfg = Debug|Win32
		{0C1A4D61-C72C-4BBC-8468-34CD700D860C}.Debug_WM5_PPC_ARM|Win32.ActiveCfg = Debug|Win32
		{0C1A4D61-C72C-4BBC-8468-34CD700D860C}.Debug_WM5_PPC_ARM|Win32.Build.0 = Debug|Win32
		{0C1A4D61-C72C-4BBC-8468-34CD700D860C}.Debug_WM5_PPC_ARM|x64.ActiveCfg = Debug|Win32
		{0C1A4D61-C72C-4BBC-8468-34CD700D860C}.Debug|Win32.ActiveCfg = Debug|Win32
		{0C1A4D61-C72C-4BBC-8468-34CD700D860C}.Debug|Win32.Build.0 = Debug|Win32
		{0C1A4D61-C72C-4BBC-8468-34CD700D860C}.Debug|x64.ActiveCfg = Debug|Win32
		{0C1A4D61-C72C-4BBC-8468-34CD700D860C}.Release_Dynamic|Win32.ActiveCfg = Release|Win32
		{0C1A4D61-C72C-4BBC-8468-34CD700D860C}.Release_Dynamic|Win32.Build.0 = Release|Win32
		{0C1A4D61-C72C-4BBC-8468-34CD700D860C}.Release_Dynamic|x64.ActiveCfg = Release|Win32
		{0C1A4D61-C72C-4BBC-8468-34CD700D860C}.Release_RTL_dll|Win32.ActiveCfg = Release|Win32
		{0C1A4D61-C72C-4BBC-8468-34CD700D860C}.Release_RTL_dll|Win32.Build.0 = Release|Win32
		{0C1A4D61-C72C-4BBC-8468-34CD700D860C}.Release_RTL_dll|x64.ActiveCfg = Release|Win32
		{0C1A4D61-C72C-4BBC-8468-34CD700D860C}.Release_SSE|Win32.ActiveCfg = Release|Win32
		{0C1A4D61-C72C-4BBC-8468-34CD700D860C}.Release_SSE|Win32.Build.0 = Release|Win32
		{0C1A4D61-C72C-4BBC-8468-34CD700D860C}.Release_SSE|x64.ActiveCfg = Release|Win32
		{0C1A4D61-C72C-4BBC-8468-34CD700D860C}.Release_SSE2|Win32.ActiveCfg = Release|Win32
		{0C1A4D61-C72C-4BBC-8468-34CD700D860C}.Release_SSE2|Win32.Build.0 = Release|Win32
		{0C1A4D61-C72C-4BBC-8468-34CD700D860C}.Release_SSE2|x64.ActiveCfg = Release|Win32
		{0C1A4D61-C72C-4BBC-8468-34CD700D860C}.Release_WM5_PPC_ARM|Win32.ActiveCfg = Release|Win32
		{0C1A4D61-C72C-4BBC-8468-34CD700D860C}.Release_WM5_PPC_ARM|Win32.Build.0 = Release|Win32
		{0C1A4D61-C72C-4BBC-8468-34CD700D860C}.Release_WM5_PPC_ARM|x64.ActiveCfg = Release|Win32
		{0C1A4D61-C72C-4BBC-8468-34CD700D860C}.Release|Win32.ActiveCfg = Release|Win32
		{0C1A4D61-C72C-4BBC-8468-34CD700D860C}.Release|Win32.Build.0 = Release|Win32
		{0C1A4D61-C72C-4BBC-8468-34CD700D860C}.Release|x64.ActiveCfg = Release|Win32
		{322B08FC-4620-4E34-9834-85A2E3A3A223}.Debug_RTL_dll|Win32.ActiveCfg = Debug|Win32
		{322B08FC-4620-4E34-9834-85A2E3A3A223}.Debug_RTL_dll|Win32.Build.0 = Debug|Win32
		{322B08FC-4620-4E34-9834-85A2E3A3A223}.Debug_RTL_dll|x64.ActiveCfg = Debug|Win32
		{322B08FC-4620-4E34-9834-85A2E3A3A223}.Debug_WM5_PPC_ARM|Win32.ActiveCfg = Debug|Win32
		{322B08FC-4620-4E34-9834-85A2E3A3A223}.Debug_WM5_PPC_ARM|Win32.Build.0 = Debug|Win32
		{322B08FC-4620-4E34-9834-85A2E3A3A223}.Debug_WM5_PPC_ARM|x64.ActiveCfg = Debug|Win32
		{322B08FC-4620-4E34-9834-85A2E3A3A223}.Debug|Win32.ActiveCfg = Debug|Win32
		{322B08FC-4620-4E34-9834-85A2E3A3A223}.Debug|Win32.Build.0 = Debug|Win32
		{322B08FC-4620-4E34-9834-85A2E3A3A223}.Debug|x64.ActiveCfg = Debug|Win32
		{322B08FC-4620-4E34-9834-85A2E3A3A223}.Release_Dynamic|Win32.ActiveCfg = Release|Win32
		{322B08FC-4620-4E34-9834-85A2E3A3A223}.Release_Dynamic|Win32.Build.0 = Release|Win32
		{322B08FC-4620-4E34-9834-85A2E3A3A223}.Release_Dynamic|x64.ActiveCfg = Release|Win32
		{322B08FC-4620-4E34-9834-85A2E3A3A223}.Release_RTL_dll|Win32.ActiveCfg = Release|Win32
		{322B08FC-4620-4E34-9834-85A2E3A3A223}.Release_RTL_dll|Win32.Build.0 = Release|Win32
		{322B08FC-4620-4E34-9834-85A2E3A3A223}.Release_RTL_dll|x64.ActiveCfg = Release|Win32
		{322B08FC-4620-4E34-9834-85A2E3A3A223}.Release_SSE|Win32.ActiveCfg = Release|Win32
		{322B08FC-4620-4E34-9834-85A2E3A3A223}.Release_SSE|Win32.Build.0 = Release|Win32
		{322B08FC-4620-4E34-9834-85A2E3A3A223}.Release_SSE|x64.ActiveCfg = Release|Win32
		{322B08FC-4620-4E34-9834-85A2E3A3A223}.Release_SSE2|Win32.ActiveCfg = Release|Win32
		{322B08FC-4620-4E34-9834-85A2E3A3A223}.Release_SSE2|Win32.Build.0 = Release|Win32
		{322B08FC-4620-4E34-9834-85A2E3A3A223}.Release_SSE2|x64.ActiveCfg = Release|Win32
		{322B08FC-4620-4E34-9834-85A2E3A3A223}.Release_WM5_PPC_ARM|Win32.ActiveCfg = Release|Win32
		{322B08FC-4620-4E34-9834-85A2E3A3A223}.Release_WM5_PPC_ARM|Win32.Build.0 = Release|Win32
		{322B08FC-4620-4E34-9834-85A2E3A3A223}.Release_WM5_PPC_ARM|x64.ActiveCfg = Release|Win32
		{322B08FC-4620-4E34-9834-85A2E3A3A223}.Release|Win32.ActiveCfg = Release|Win32
		{322B08FC-4620-4E34-9834-85A2E3A3A223}.Release|Win32.Build.0 = Release|Win32
		{322B08FC-4620-4E34-9834-85A2E3A3A223}.Release|x64.ActiveCfg = Release|Win32
		{E106ACD7-4E53-4AEE-942B-D0DD426DB34E}.Debug_RTL_dll|Win32.ActiveCfg = Debug|Win32
		{E106ACD7-4E53-4AEE-942B-D0DD426DB34E}.Debug_RTL_dll|Win32.Build.0 = Debug|Win32
		{E106ACD7-4E53-4AEE-942B-D0DD426DB34E}.Debug_RTL_dll|x64.ActiveCfg = Debug|Win32
		{E106ACD7-4E53-4AEE-942B-D0DD426DB34E}.Debug_WM5_PPC_ARM|Win32.ActiveCfg = Debug|Win32
		{E106ACD7-4E53-4AEE-942B-D0DD426DB34E}.Debug_WM5_PPC_ARM|Win32.Build.0 = Debug|Win32
		{E106ACD7-4E53-4AEE-942B-D0DD426DB34E}.Debug_WM5_PPC_ARM|x64.ActiveCfg = Debug|Win32
		{E106ACD7-4E53-4AEE-942B-D0DD426DB34E}.Debug|Win32.ActiveCfg = Debug|Win32
		{E106ACD7-4E53-4AEE-942B-D0DD426DB34E}.Debug|Win32.Build.0 = Debug|Win32
		{E106ACD7-4E53-4AEE-942B-D0DD426DB34E}.Debug|x64.ActiveCfg = Debug|Win32
		{E106ACD7-4E53-4AEE-942B-D0DD426DB34E}.Release_Dynamic|Win32.ActiveCfg = Release|Win32
		{E106ACD7-4E53-4AEE-942B-D0DD426DB34E}.Release_Dynamic|Win32.Build.0 = Release|Win32
		{E106ACD7-4E53-4AEE-942B-D0DD426DB34E}.Release_Dynamic|x64.ActiveCfg = Release|Win32
		{E106ACD7-4E53-4AEE-942B-D0DD426DB34E}.Release_RTL_dll|Win32.ActiveCfg = Release|Win32
		{E106ACD7-4E53-4AEE-942B-D0DD426DB34E}.Release_RTL_dll|Win32.Build.0 = Release|Win32
		{E106ACD7-4E53-4AEE-942B-D0DD426DB34E}.Release_RTL_dll|x64.ActiveCfg = Release|Win32
		{E106ACD7-4E53-4AEE-942B-D0DD426DB34E}.Release_SSE|Win32.ActiveCfg = Release|Win32
		{E106ACD7-4E53-4AEE-942B-D0DD426DB34E}.Release_SSE|Win32.Build.0 = Release|Win32
		{E106ACD7-4E53-4AEE-942B-D0DD426DB34E}.Release_SSE|x64.ActiveCfg = Release|Win32
		{E106ACD7-4E53-4AEE-942B-D0DD426DB34E}.Release_SSE2|Win32.ActiveCfg = Release|Win32
		{E106ACD7-4E53-4AEE-942B-D0DD426DB34E}.Release_SSE2|Win32.Build.0 = Release|Win32
		{E106ACD7-4E53-4AEE-942B-D0DD426DB34E}.Release_SSE2|x64.ActiveCfg = Release|Win32
		{E106ACD7-4E53-4AEE-942B-D0DD426DB34E}.Release_WM5_PPC_ARM|Win32.ActiveCfg = Release|Win32
		{E106ACD7-4E53-4AEE-942B-D0DD426DB34E}.Release_WM5_PPC_ARM|Win32.Build.0 = Release|Win32
		{E106ACD7-4E53-4AEE-942B-D0DD426DB34E}.Release_WM5_PPC_ARM|x64.ActiveCfg = Release|Win32
		{E106ACD7-4E53-4AEE-942B-D0DD426DB34E}.Release|Win32.ActiveCfg = Release|Win32
		{E106ACD7-4E53-4AEE-942B-D0DD426DB34E}.Release|Win32.Build.0 = Release|Win32
		{E106ACD7-4E53-4AEE-942B-D0DD426DB34E}.Release|x64.ActiveCfg = Release|Win32
		{15CBFEFF-7965-41F5-B4E2-21E8795C9159}.Debug_RTL_dll|Win32.ActiveCfg = Debug|Win32
		{15CBFEFF-7965-41F5-B4E2-21E8795C9159}.Debug_RTL_dll|Win32.Build.0 = Debug|Win32
		{15CBFEFF-7965-41F5-B4E2-21E8795C9159}.Debug_RTL_dll|x64.ActiveCfg = Debug|x64
		{15CBFEFF-7965-41F5-B4E2-21E8795C9159}.Debug_RTL_dll|x64.Build.0 = Debug|x64
		{15CBFEFF-7965-41F5-B4E2-21E8795C9159}.Debug_WM5_PPC_ARM|Win32.ActiveCfg = Debug|Win32
		{15CBFEFF-7965-41F5-B4E2-21E8795C9159}.Debug_WM5_PPC_ARM|Win32.Build.0 = Debug|Win32
		{15CBFEFF-7965-41F5-B4E2-21E8795C9159}.Debug_WM5_PPC_ARM|x64.ActiveCfg = Debug|x64
		{15CBFEFF-7965-41F5-B4E2-21E8795C9159}.Debug_WM5_PPC_ARM|x64.Build.0 = Debug|x64
		{15CBFEFF-7965-41F5-B4E2-21E8795C9159}.Debug|Win32.ActiveCfg = Debug|Win32
		{15CBFEFF-7965-41F5-B4E2-21E8795C9159}.Debug|Win32.Build.0 = Debug|Win32
		{15CBFEFF-7965-41F5-B4E2-21E8795C9159}.Debug|x64.ActiveCfg = Debug|x64
		{15CBFEFF-7965-41F5-B4E2-21E8795C9159}.Debug|x64.Build.0 = Debug|x64
		{15CBFEFF-7965-41F5-B4E2-21E8795C9159}.Release_Dynamic|Win32.ActiveCfg = Release|Win32
		{15CBFEFF-7965-41F5-B4E2-21E8795C9159}.Release_Dynamic|Win32.Build.0 = Release|Win32
		{15CBFEFF-7965-41F5-B4E2-21E8795C9159}.Release_Dynamic|x64.ActiveCfg = Release|x64
		{15CBFEFF-7965-41F5-B4E2-21E8795C9159}.Release_Dynamic|x64.Build.0 = Release|x64
		{15CBFEFF-7965-41F5-B4E2-21E8795C9159}.Release_RTL_dll|Win32.ActiveCfg = Release|Win32
		{15CBFEFF-7965-41F5-B4E2-21E8795C9159}.Release_RTL_dll|Win32.Build.0 = Release|Win32
		{15CBFEFF-7965-41F5-B4E2-21E8795C9159}.Release_RTL_dll|x64.ActiveCfg = Release|x64
		{15CBFEFF-7965-41F5-B4E2-21E8795C9159}.Release_RTL_dll|x64.Build.0 = Release|x64
		{15CBFEFF-7965-41F5-B4E2-21E8795C9159}.Release_SSE|Win32.ActiveCfg = Release|Win32
		{15CBFEFF-7965-41F5-B4E2-21E8795C9159}.Release_SSE|Win32.Build.0 = Release|Win32
		{15CBFEFF-7965-41F5-B4E2-21E8795C9159}.Release_SSE|x64.ActiveCfg = Release|x64
		{15CBFEFF-7965-41F5-B4E2-21E8795C9159}.Release_SSE|x64.Build.0 = Release|x64
		{15CBFEFF-7965-41F5-B4E2-21E8795C9159}.Release_SSE2|Win32.ActiveCfg = Release|Win32
		{15CBFEFF-7965-41F5-B4E2-21E8795C9159}.Release_SSE2|Win32.Build.0 = Release|Win32
		{15CBFEFF-7965-41F5-B4E2-21E8795C9159}.Release_SSE2|x64.ActiveCfg = Release|x64
		{15CBFEFF-7965-41F5-B4E2-21E8795C9159}.Release_SSE2|x64.Build.0 = Release|x64
		{15CBFEFF-7965-41F5-B4E2-21E8795C9159}.Release_WM5_PPC_ARM|Win32.ActiveCfg = Release|Win32
		{15CBFEFF-7965-41F5-B4E2-21E8795C9159}.Release_WM5_PPC_ARM|Win32.Build.0 = Release|Win32
		{15CBFEFF-7965-41F5-B4E2-21E8795C9159}.Release_WM5_PPC_ARM|x64.ActiveCfg = Release|x64
		{15CBFEFF-7965-41F5-B4E2-21E8795C9159}.Release_WM5_PPC_ARM|x64.Build.0 = Release|x64
		{15CBFEFF-7965-41F5-B4E2-21E8795C9159}.Release|Win32.ActiveCfg = Release|Win32
		{15CBFEFF-7965-41F5-B4E2-21E8795C9159}.Release|Win32.Build.0 = Release|Win32
		{15CBFEFF-7965-41F5-B4E2-21E8795C9159}.Release|x64.ActiveCfg = Release|x64
		{15CBFEFF-7965-41F5-B4E2-21E8795C9159}.Release|x64.Build.0 = Release|x64
		{E972C52F-9E85-4D65-B19C-031E511E9DB4}.Debug_RTL_dll|Win32.ActiveCfg = Debug_RTL_dll|Win32
		{E972C52F-9E85-4D65-B19C-031E511E9DB4}.Debug_RTL_dll|Win32.Build.0 = Debug_RTL_dll|Win32
		{E972C52F-9E85-4D65-B19C-031E511E9DB4}.Debug_RTL_dll|x64.ActiveCfg = Debug_RTL_dll|Win32
		{E972C52F-9E85-4D65-B19C-031E511E9DB4}.Debug_WM5_PPC_ARM|Win32.ActiveCfg = Debug_WM5_PPC_ARM|Win32
		{E972C52F-9E85-4D65-B19C-031E511E9DB4}.Debug_WM5_PPC_ARM|Win32.Build.0 = Debug_WM5_PPC_ARM|Win32
		{E972C52F-9E85-4D65-B19C-031E511E9DB4}.Debug_WM5_PPC_ARM|x64.ActiveCfg = Debug_WM5_PPC_ARM|Win32
		{E972C52F-9E85-4D65-B19C-031E511E9DB4}.Debug|Win32.ActiveCfg = Debug|Win32
		{E972C52F-9E85-4D65-B19C-031E511E9DB4}.Debug|Win32.Build.0 = Debug|Win32
		{E972C52F-9E85-4D65-B19C-031E511E9DB4}.Debug|x64.ActiveCfg = Debug|Win32
		{E972C52F-9E85-4D65-B19C-031E511E9DB4}.Release_Dynamic|Win32.ActiveCfg = Release_Dynamic|Win32
		{E972C52F-9E85-4D65-B19C-031E511E9DB4}.Release_Dynamic|Win32.Build.0 = Release_Dynamic|Win32
		{E972C52F-9E85-4D65-B19C-031E511E9DB4}.Release_Dynamic|x64.ActiveCfg = Release_Dynamic|Win32
		{E972C52F-9E85-4D65-B19C-031E511E9DB4}.Release_RTL_dll|Win32.ActiveCfg = Release_RTL_dll|Win32
		{E972C52F-9E85-4D65-B19C-031E511E9DB4}.Release_RTL_dll|Win32.Build.0 = Release_RTL_dll|Win32
		{E972C52F-9E85-4D65-B19C-031E511E9DB4}.Release_RTL_dll|x64.ActiveCfg = Release_RTL_dll|Win32
		{E972C52F-9E85-4D65-B19C-031E511E9DB4}.Release_SSE|Win32.ActiveCfg = Release_SSE|Win32
		{E972C52F-9E85-4D65-B19C-031E511E9DB4}.Release_SSE|Win32.Build.0 = Release_SSE|Win32
		{E972C52F-9E85-4D65-B19C-031E511E9DB4}.Release_SSE|x64.ActiveCfg = Release_SSE|Win32
		{E972C52F-9E85-4D65-B19C-031E511E9DB4}.Release_SSE2|Win32.ActiveCfg = Release_SSE2|Win32
		{E972C52F-9E85-4D65-B19C-031E511E9DB4}.Release_SSE2|Win32.Build.0 = Release_SSE2|Win32
		{E972C52F-9E85-4D65-B19C-031E511E9DB4}.Release_SSE2|x64.ActiveCfg = Release_SSE2|Win32
		{E972C52F-9E85-4D65-B19C-031E511E9DB4}.Release_WM5_PPC_ARM|Win32.ActiveCfg = Release_WM5_PPC_ARM|Win32
		{E972C52F-9E85-4D65-B19C-031E511E9DB4}.Release_WM5_PPC_ARM|Win32.Build.0 = Release_WM5_PPC_ARM|Win32
		{E972C52F-9E85-4D65-B19C-031E511E9DB4}.Release_WM5_PPC_ARM|x64.ActiveCfg = Release_WM5_PPC_ARM|Win32
		{E972C52F-9E85-4D65-B19C-031E511E9DB4}.Release|Win32.ActiveCfg = Release|Win32
		{E972C52F-9E85-4D65-B19C-031E511E9DB4}.Release|Win32.Build.0 = Release|Win32
		{E972C52F-9E85-4D65-B19C-031E511E9DB4}.Release|x64.ActiveCfg = Release|Win32
		{961B8359-1393-4EF7-B8E0-67B6FE1C6DA8}.Debug_RTL_dll|Win32.ActiveCfg = Debug|Win32
		{961B8359-1393-4EF7-B8E0-67B6FE1C6DA8}.Debug_RTL_dll|Win32.Build.0 = Debug|Win32
		{961B8359-1393-4EF7-B8E0-67B6FE1C6DA8}.Debug_RTL_dll|x64.ActiveCfg = Debug|Win32
		{961B8359-1393-4EF7-B8E0-67B6FE1C6DA8}.Debug_WM5_PPC_ARM|Win32.ActiveCfg = Debug|Win32
		{961B8359-1393-4EF7-B8E0-67B6FE1C6DA8}.Debug_WM5_PPC_ARM|Win32.Build.0 = Debug|Win32
		{961B8359-1393-4EF7-B8E0-67B6FE1C6DA8}.Debug_WM5_PPC_ARM|x64.ActiveCfg = Debug|Win32
		{961B8359-1393-4EF7-B8E0-67B6FE1C6DA8}.Debug|Win32.ActiveCfg = Debug|Win32
		{961B8359-1393-4EF7-B8E0-67B6FE1C6DA8}.Debug|Win32.Build.0 = Debug|Win32
		{961B8359-1393-4EF7-B8E0-67B6FE1C6DA8}.Debug|x64.ActiveCfg = Debug|Win32
		{961B8359-1393-4EF7-B8E0-67B6FE1C6DA8}.Release_Dynamic|Win32.ActiveCfg = Release_SSE2|Win32
		{961B8359-1393-4EF7-B8E0-67B6FE1C6DA8}.Release_Dynamic|Win32.Build.0 = Release_SSE2|Win32
		{961B8359-1393-4EF7-B8E0-67B6FE1C6DA8}.Release_Dynamic|x64.ActiveCfg = Release_SSE2|Win32
		{961B8359-1393-4EF7-B8E0-67B6FE1C6DA8}.Release_RTL_dll|Win32.ActiveCfg = Release_SSE2|Win32
		{961B8359-1393-4EF7-B8E0-67B6FE1C6DA8}.Release_RTL_dll|Win32.Build.0 = Release_SSE2|Win32
		{961B8359-1393-4EF7-B8E0-67B6FE1C6DA8}.Release_RTL_dll|x64.ActiveCfg = Release_SSE2|Win32
		{961B8359-1393-4EF7-B8E0-67B6FE1C6DA8}.Release_SSE|Win32.ActiveCfg = Release_SSE|Win32
		{961B8359-1393-4EF7-B8E0-67B6FE1C6DA8}.Release_SSE|Win32.Build.0 = Release_SSE|Win32
		{961B8359-1393-4EF7-B8E0-67B6FE1C6DA8}.Release_SSE|x64.ActiveCfg = Release_SSE|Win32
		{961B8359-1393-4EF7-B8E0-67B6FE1C6DA8}.Release_SSE2|Win32.ActiveCfg = Release_SSE2|Win32
		{961B8359-1393-4EF7-B8E0-67B6FE1C6DA8}.Release_SSE2|Win32.Build.0 = Release_SSE2|Win32
		{961B8359-1393-4EF7-B8E0-67B6FE1C6DA8}.Release_SSE2|x64.ActiveCfg = Release_SSE2|Win32
		{961B8359-1393-4EF7-B8E0-67B6FE1C6DA8}.Release_WM5_PPC_ARM|Win32.ActiveCfg = Release_SSE2|Win32
		{961B8359-1393-4EF7-B8E0-67B6FE1C6DA8}.Release_WM5_PPC_ARM|Win32.Build.0 = Release_SSE2|Win32
		{961B8359-1393-4EF7-B8E0-67B6FE1C6DA8}.Release_WM5_PPC_ARM|x64.ActiveCfg = Release_SSE2|Win32
		{961B8359-1393-4EF7-B8E0-67B6FE1C6DA8}.Release|Win32.ActiveCfg = Release|Win32
		{961B8359-1393-4EF7-B8E0-67B6FE1C6DA8}.Release|Win32.Build.0 = Release|Win32
		{961B8359-1393-4EF7-B8E0-67B6FE1C6DA8}.Release|x64.ActiveCfg = Release|Win32
	EndGlobalSection
	GlobalSection(SolutionProperties) = preSolution
		HideSolutionNode = FALSE
	EndGlobalSection
EndGlobal
